version = 1
revision = 3
requires-python = ">=3.14"

[[package]]
name = "isbnlib"
version = "3.10.14"
source = { registry = "https://pypi.org/simple" }
sdist = { url = "https://files.pythonhosted.org/packages/9e/6d/55b9ee89fdfb3aacb92b975a60357c7aa547db358817e16be3b6f8f5d781/isbnlib-3.10.14.tar.gz", hash = "sha256:96f90864c77b01f55fa11e5bfca9fd909501d9842f3bc710d4eab85195d90539", size = 48046, upload-time = "2023-04-26T08:53:05.486Z" }
wheels = [
    { url = "https://files.pythonhosted.org/packages/dd/ce/1eb1e2afaca49add3185e202ce9c2c6d5779b7eecb20973e43ad804eb2a4/isbnlib-3.10.14-py2.py3-none-any.whl", hash = "sha256:f885b350fc8e600a919ed46e3b07253062cd604af69885455a25a299217b3fe2", size = 52535, upload-time = "2023-04-26T08:53:03.024Z" },
]

[[package]]
name = "python-final-project"
version = "0.1.0"
source = { editable = "." }
dependencies = [
    { name = "isbnlib" },
]

[package.metadata]
requires-dist = [{ name = "isbnlib", specifier = ">=3.10.14" }]
